// !$*UTF8*$!
{
	archiveVersion = 1;
	classes = {
	};
	objectVersion = 50;
	objects = {

/* Begin PBXBuildFile section */
		2453E14B5EEB64D0B37E34BD /* Pods_Flickr.framework in Frameworks */ = {isa = PBXBuildFile; fileRef = AFC47D6A58BC660EDF9699DD /* Pods_Flickr.framework */; };
		D3117AB4223A3EA400B806DB /* AppDelegate.swift in Sources */ = {isa = PBXBuildFile; fileRef = D3117AB3223A3EA400B806DB /* AppDelegate.swift */; };
		D3117AB9223A3EA400B806DB /* Main.storyboard in Resources */ = {isa = PBXBuildFile; fileRef = D3117AB7223A3EA400B806DB /* Main.storyboard */; };
		D3117ABB223A3EA600B806DB /* Assets.xcassets in Resources */ = {isa = PBXBuildFile; fileRef = D3117ABA223A3EA600B806DB /* Assets.xcassets */; };
		D3117ABE223A3EA600B806DB /* LaunchScreen.storyboard in Resources */ = {isa = PBXBuildFile; fileRef = D3117ABC223A3EA600B806DB /* LaunchScreen.storyboard */; };
		D3117AC9223A543300B806DB /* ListViewController.swift in Sources */ = {isa = PBXBuildFile; fileRef = D3117AC8223A543300B806DB /* ListViewController.swift */; };
		D3117ACB223A569C00B806DB /* PhotoCollectionViewCell.swift in Sources */ = {isa = PBXBuildFile; fileRef = D3117ACA223A569C00B806DB /* PhotoCollectionViewCell.swift */; };
		D3117ACD223A56E500B806DB /* Photo.swift in Sources */ = {isa = PBXBuildFile; fileRef = D3117ACC223A56E500B806DB /* Photo.swift */; };
		D3117AD0223A5DA200B806DB /* PhotoService.swift in Sources */ = {isa = PBXBuildFile; fileRef = D3117ACF223A5DA200B806DB /* PhotoService.swift */; };
		D3117AD2223A68F300B806DB /* PhotoDownloader.swift in Sources */ = {isa = PBXBuildFile; fileRef = D3117AD1223A68F300B806DB /* PhotoDownloader.swift */; };
		D3117AD4223A7A0900B806DB /* PhotoViewController.swift in Sources */ = {isa = PBXBuildFile; fileRef = D3117AD3223A7A0900B806DB /* PhotoViewController.swift */; };
/* End PBXBuildFile section */

/* Begin PBXFileReference section */
		160335DE1C11D2D668A15055 /* Pods-Flickr.release.xcconfig */ = {isa = PBXFileReference; includeInIndex = 1; lastKnownFileType = text.xcconfig; name = "Pods-Flickr.release.xcconfig"; path = "Target Support Files/Pods-Flickr/Pods-Flickr.release.xcconfig"; sourceTree = "<group>"; };
		9D80B78E6DFD37497EBC6411 /* Pods-Flickr.debug.xcconfig */ = {isa = PBXFileReference; includeInIndex = 1; lastKnownFileType = text.xcconfig; name = "Pods-Flickr.debug.xcconfig"; path = "Target Support Files/Pods-Flickr/Pods-Flickr.debug.xcconfig"; sourceTree = "<group>"; };
		AFC47D6A58BC660EDF9699DD /* Pods_Flickr.framework */ = {isa = PBXFileReference; explicitFileType = wrapper.framework; includeInIndex = 0; path = Pods_Flickr.framework; sourceTree = BUILT_PRODUCTS_DIR; };
		D3117AB0223A3EA400B806DB /* Flickr.app */ = {isa = PBXFileReference; explicitFileType = wrapper.application; includeInIndex = 0; path = Flickr.app; sourceTree = BUILT_PRODUCTS_DIR; };
		D3117AB3223A3EA400B806DB /* AppDelegate.swift */ = {isa = PBXFileReference; lastKnownFileType = sourcecode.swift; path = AppDelegate.swift; sourceTree = "<group>"; };
		D3117AB8223A3EA400B806DB /* Base */ = {isa = PBXFileReference; lastKnownFileType = file.storyboard; name = Base; path = Base.lproj/Main.storyboard; sourceTree = "<group>"; };
		D3117ABA223A3EA600B806DB /* Assets.xcassets */ = {isa = PBXFileReference; lastKnownFileType = folder.assetcatalog; path = Assets.xcassets; sourceTree = "<group>"; };
		D3117ABD223A3EA600B806DB /* Base */ = {isa = PBXFileReference; lastKnownFileType = file.storyboard; name = Base; path = Base.lproj/LaunchScreen.storyboard; sourceTree = "<group>"; };
		D3117ABF223A3EA600B806DB /* Info.plist */ = {isa = PBXFileReference; lastKnownFileType = text.plist.xml; path = Info.plist; sourceTree = "<group>"; };
		D3117AC8223A543300B806DB /* ListViewController.swift */ = {isa = PBXFileReference; lastKnownFileType = sourcecode.swift; path = ListViewController.swift; sourceTree = "<group>"; };
		D3117ACA223A569C00B806DB /* PhotoCollectionViewCell.swift */ = {isa = PBXFileReference; lastKnownFileType = sourcecode.swift; path = PhotoCollectionViewCell.swift; sourceTree = "<group>"; };
		D3117ACC223A56E500B806DB /* Photo.swift */ = {isa = PBXFileReference; lastKnownFileType = sourcecode.swift; path = Photo.swift; sourceTree = "<group>"; };
		D3117ACF223A5DA200B806DB /* PhotoService.swift */ = {isa = PBXFileReference; lastKnownFileType = sourcecode.swift; path = PhotoService.swift; sourceTree = "<group>"; };
		D3117AD1223A68F300B806DB /* PhotoDownloader.swift */ = {isa = PBXFileReference; lastKnownFileType = sourcecode.swift; path = PhotoDownloader.swift; sourceTree = "<group>"; };
		D3117AD3223A7A0900B806DB /* PhotoViewController.swift */ = {isa = PBXFileReference; lastKnownFileType = sourcecode.swift; path = PhotoViewController.swift; sourceTree = "<group>"; };
/* End PBXFileReference section */

/* Begin PBXFrameworksBuildPhase section */
		D3117AAD223A3EA400B806DB /* Frameworks */ = {
			isa = PBXFrameworksBuildPhase;
			buildActionMask = 2147483647;
			files = (
				2453E14B5EEB64D0B37E34BD /* Pods_Flickr.framework in Frameworks */,
			);
			runOnlyForDeploymentPostprocessing = 0;
		};
/* End PBXFrameworksBuildPhase section */

/* Begin PBXGroup section */
		69F8635BDCF7528CB077D8DE /* Pods */ = {
			isa = PBXGroup;
			children = (
				9D80B78E6DFD37497EBC6411 /* Pods-Flickr.debug.xcconfig */,
				160335DE1C11D2D668A15055 /* Pods-Flickr.release.xcconfig */,
			);
			path = Pods;
			sourceTree = "<group>";
		};
		7B1E2D7AFF62B9E0C24B57C3 /* Frameworks */ = {
			isa = PBXGroup;
			children = (
				AFC47D6A58BC660EDF9699DD /* Pods_Flickr.framework */,
			);
			name = Frameworks;
			sourceTree = "<group>";
		};
		D3117AA7223A3EA400B806DB = {
			isa = PBXGroup;
			children = (
				D3117AB2223A3EA400B806DB /* Flickr */,
				D3117AB1223A3EA400B806DB /* Products */,
				69F8635BDCF7528CB077D8DE /* Pods */,
				7B1E2D7AFF62B9E0C24B57C3 /* Frameworks */,
			);
			sourceTree = "<group>";
		};
		D3117AB1223A3EA400B806DB /* Products */ = {
			isa = PBXGroup;
			children = (
				D3117AB0223A3EA400B806DB /* Flickr.app */,
			);
			name = Products;
			sourceTree = "<group>";
		};
		D3117AB2223A3EA400B806DB /* Flickr */ = {
			isa = PBXGroup;
			children = (
				D3117ACE223A5D6100B806DB /* Networking */,
				D3117AC7223A538B00B806DB /* Controller */,
				D3117AC6223A538700B806DB /* View */,
				D3117AC5223A538000B806DB /* Model */,
				D3117AB3223A3EA400B806DB /* AppDelegate.swift */,
				D3117AB7223A3EA400B806DB /* Main.storyboard */,
				D3117ABA223A3EA600B806DB /* Assets.xcassets */,
				D3117ABC223A3EA600B806DB /* LaunchScreen.storyboard */,
				D3117ABF223A3EA600B806DB /* Info.plist */,
			);
			path = Flickr;
			sourceTree = "<group>";
		};
		D3117AC5223A538000B806DB /* Model */ = {
			isa = PBXGroup;
			children = (
				D3117ACC223A56E500B806DB /* Photo.swift */,
			);
			path = Model;
			sourceTree = "<group>";
		};
		D3117AC6223A538700B806DB /* View */ = {
			isa = PBXGroup;
			children = (
				D3117ACA223A569C00B806DB /* PhotoCollectionViewCell.swift */,
			);
			path = View;
			sourceTree = "<group>";
		};
		D3117AC7223A538B00B806DB /* Controller */ = {
			isa = PBXGroup;
			children = (
				D3117AC8223A543300B806DB /* ListViewController.swift */,
				D3117AD3223A7A0900B806DB /* PhotoViewController.swift */,
			);
			path = Controller;
			sourceTree = "<group>";
		};
		D3117ACE223A5D6100B806DB /* Networking */ = {
			isa = PBXGroup;
			children = (
				D3117ACF223A5DA200B806DB /* PhotoService.swift */,
				D3117AD1223A68F300B806DB /* PhotoDownloader.swift */,
			);
			path = Networking;
			sourceTree = "<group>";
		};
/* End PBXGroup section */

/* Begin PBXNativeTarget section */
		D3117AAF223A3EA400B806DB /* Flickr */ = {
			isa = PBXNativeTarget;
			buildConfigurationList = D3117AC2223A3EA600B806DB /* Build configuration list for PBXNativeTarget "Flickr" */;
			buildPhases = (
				C4EA64E49D6328EF3CF8800B /* [CP] Check Pods Manifest.lock */,
				D3117AAC223A3EA400B806DB /* Sources */,
				D3117AAD223A3EA400B806DB /* Frameworks */,
				D3117AAE223A3EA400B806DB /* Resources */,
				9323B1231C45D1A8B6DD4CC3 /* [CP] Embed Pods Frameworks */,
			);
			buildRules = (
			);
			dependencies = (
			);
			name = Flickr;
			productName = Flickr;
			productReference = D3117AB0223A3EA400B806DB /* Flickr.app */;
			productType = "com.apple.product-type.application";
		};
/* End PBXNativeTarget section */

/* Begin PBXProject section */
		D3117AA8223A3EA400B806DB /* Project object */ = {
			isa = PBXProject;
			attributes = {
				LastSwiftUpdateCheck = 1010;
				LastUpgradeCheck = 1010;
				ORGANIZATIONNAME = "Symbat Bashkeyeva";
				TargetAttributes = {
					D3117AAF223A3EA400B806DB = {
						CreatedOnToolsVersion = 10.1;
					};
				};
			};
			buildConfigurationList = D3117AAB223A3EA400B806DB /* Build configuration list for PBXProject "Flickr" */;
			compatibilityVersion = "Xcode 9.3";
			developmentRegion = en;
			hasScannedForEncodings = 0;
			knownRegions = (
				en,
				Base,
			);
			mainGroup = D3117AA7223A3EA400B806DB;
			productRefGroup = D3117AB1223A3EA400B806DB /* Products */;
			projectDirPath = "";
			projectRoot = "";
			targets = (
				D3117AAF223A3EA400B806DB /* Flickr */,
			);
		};
/* End PBXProject section */

/* Begin PBXResourcesBuildPhase section */
		D3117AAE223A3EA400B806DB /* Resources */ = {
			isa = PBXResourcesBuildPhase;
			buildActionMask = 2147483647;
			files = (
				D3117ABE223A3EA600B806DB /* LaunchScreen.storyboard in Resources */,
				D3117ABB223A3EA600B806DB /* Assets.xcassets in Resources */,
				D3117AB9223A3EA400B806DB /* Main.storyboard in Resources */,
			);
			runOnlyForDeploymentPostprocessing = 0;
		};
/* End PBXResourcesBuildPhase section */

/* Begin PBXShellScriptBuildPhase section */
		9323B1231C45D1A8B6DD4CC3 /* [CP] Embed Pods Frameworks */ = {
			isa = PBXShellScriptBuildPhase;
			buildActionMask = 2147483647;
			files = (
			);
			inputFileListPaths = (
			);
			inputPaths = (
				"${PODS_ROOT}/Target Support Files/Pods-Flickr/Pods-Flickr-frameworks.sh",
				"${BUILT_PRODUCTS_DIR}/Alamofire/Alamofire.framework",
				"${BUILT_PRODUCTS_DIR}/AlamofireImage/AlamofireImage.framework",
				"${BUILT_PRODUCTS_DIR}/SDWebImage/SDWebImage.framework",
				"${BUILT_PRODUCTS_DIR}/SVProgressHUD/SVProgressHUD.framework",
				"${BUILT_PRODUCTS_DIR}/SwiftyJSON/SwiftyJSON.framework",
			);
			name = "[CP] Embed Pods Frameworks";
			outputFileListPaths = (
			);
			outputPaths = (
				"${TARGET_BUILD_DIR}/${FRAMEWORKS_FOLDER_PATH}/Alamofire.framework",
				"${TARGET_BUILD_DIR}/${FRAMEWORKS_FOLDER_PATH}/AlamofireImage.framework",
				"${TARGET_BUILD_DIR}/${FRAMEWORKS_FOLDER_PATH}/SDWebImage.framework",
				"${TARGET_BUILD_DIR}/${FRAMEWORKS_FOLDER_PATH}/SVProgressHUD.framework",
				"${TARGET_BUILD_DIR}/${FRAMEWORKS_FOLDER_PATH}/SwiftyJSON.framework",
			);
			runOnlyForDeploymentPostprocessing = 0;
			shellPath = /bin/sh;
			shellScript = "\"${PODS_ROOT}/Target Support Files/Pods-Flickr/Pods-Flickr-frameworks.sh\"\n";
			showEnvVarsInLog = 0;
		};
		C4EA64E49D6328EF3CF8800B /* [CP] Check Pods Manifest.lock */ = {
			isa = PBXShellScriptBuildPhase;
			buildActionMask = 2147483647;
			files = (
			);
			inputFileListPaths = (
			);
			inputPaths = (
				"${PODS_PODFILE_DIR_PATH}/Podfile.lock",
				"${PODS_ROOT}/Manifest.lock",
			);
			name = "[CP] Check Pods Manifest.lock";
			outputFileListPaths = (
			);
			outputPaths = (
				"$(DERIVED_FILE_DIR)/Pods-Flickr-checkManifestLockResult.txt",
			);
			runOnlyForDeploymentPostprocessing = 0;
			shellPath = /bin/sh;
			shellScript = "diff \"${PODS_PODFILE_DIR_PATH}/Podfile.lock\" \"${PODS_ROOT}/Manifest.lock\" > /dev/null\nif [ $? != 0 ] ; then\n    # print error to STDERR\n    echo \"error: The sandbox is not in sync with the Podfile.lock. Run 'pod install' or update your CocoaPods installation.\" >&2\n    exit 1\nfi\n# This output is used by Xcode 'outputs' to avoid re-running this script phase.\necho \"SUCCESS\" > \"${SCRIPT_OUTPUT_FILE_0}\"\n";
			showEnvVarsInLog = 0;
		};
/* End PBXShellScriptBuildPhase section */

/* Begin PBXSourcesBuildPhase section */
		D3117AAC223A3EA400B806DB /* Sources */ = {
			isa = PBXSourcesBuildPhase;
			buildActionMask = 2147483647;
			files = (
				D3117ACB223A569C00B806DB /* PhotoCollectionViewCell.swift in Sources */,
				D3117AD0223A5DA200B806DB /* PhotoService.swift in Sources */,
				D3117AD2223A68F300B806DB /* PhotoDownloader.swift in Sources */,
				D3117AB4223A3EA400B806DB /* AppDelegate.swift in Sources */,
				D3117AD4223A7A0900B806DB /* PhotoViewController.swift in Sources */,
				D3117AC9223A543300B806DB /* ListViewController.swift in Sources */,
				D3117ACD223A56E500B806DB /* Photo.swift in Sources */,
			);
			runOnlyForDeploymentPostprocessing = 0;
		};
/* End PBXSourcesBuildPhase section */

/* Begin PBXVariantGroup section */
		D3117AB7223A3EA400B806DB /* Main.storyboard */ = {
			isa = PBXVariantGroup;
			children = (
				D3117AB8223A3EA400B806DB /* Base */,
			);
			name = Main.storyboard;
			sourceTree = "<group>";
		};
		D3117ABC223A3EA600B806DB /* LaunchScreen.storyboard */ = {
			isa = PBXVariantGroup;
			children = (
				D3117ABD223A3EA600B806DB /* Base */,
			);
			name = LaunchScreen.storyboard;
			sourceTree = "<group>";
		};
/* End PBXVariantGroup section */

/* Begin XCBuildConfiguration section */
		D3117AC0223A3EA600B806DB /* Debug */ = {
			isa = XCBuildConfiguration;
			buildSettings = {
				ALWAYS_SEARCH_USER_PATHS = NO;
				CLANG_ANALYZER_NONNULL = YES;
				CLANG_ANALYZER_NUMBER_OBJECT_CONVERSION = YES_AGGRESSIVE;
				CLANG_CXX_LANGUAGE_STANDARD = "gnu++14";
				CLANG_CXX_LIBRARY = "libc++";
				CLANG_ENABLE_MODULES = YES;
				CLANG_ENABLE_OBJC_ARC = YES;
				CLANG_ENABLE_OBJC_WEAK = YES;
				CLANG_WARN_BLOCK_CAPTURE_AUTORELEASING = YES;
				CLANG_WARN_BOOL_CONVERSION = YES;
				CLANG_WARN_COMMA = YES;
				CLANG_WARN_CONSTANT_CONVERSION = YES;
				CLANG_WARN_DEPRECATED_OBJC_IMPLEMENTATIONS = YES;
				CLANG_WARN_DIRECT_OBJC_ISA_USAGE = YES_ERROR;
				CLANG_WARN_DOCUMENTATION_COMMENTS = YES;
				CLANG_WARN_EMPTY_BODY = YES;
				CLANG_WARN_ENUM_CONVERSION = YES;
				CLANG_WARN_INFINITE_RECURSION = YES;
				CLANG_WARN_INT_CONVERSION = YES;
				CLANG_WARN_NON_LITERAL_NULL_CONVERSION = YES;
				CLANG_WARN_OBJC_IMPLICIT_RETAIN_SELF = YES;
				CLANG_WARN_OBJC_LITERAL_CONVERSION = YES;
				CLANG_WARN_OBJC_ROOT_CLASS = YES_ERROR;
				CLANG_WARN_RANGE_LOOP_ANALYSIS = YES;
				CLANG_WARN_STRICT_PROTOTYPES = YES;
				CLANG_WARN_SUSPICIOUS_MOVE = YES;
				CLANG_WARN_UNGUARDED_AVAILABILITY = YES_AGGRESSIVE;
				CLANG_WARN_UNREACHABLE_CODE = YES;
				CLANG_WARN__DUPLICATE_METHOD_MATCH = YES;
				CODE_SIGN_IDENTITY = "iPhone Developer";
				COPY_PHASE_STRIP = NO;
				DEBUG_INFORMATION_FORMAT = dwarf;
				ENABLE_STRICT_OBJC_MSGSEND = YES;
				ENABLE_TESTABILITY = YES;
				GCC_C_LANGUAGE_STANDARD = gnu11;
				GCC_DYNAMIC_NO_PIC = NO;
				GCC_NO_COMMON_BLOCKS = YES;
				GCC_OPTIMIZATION_LEVEL = 0;
				GCC_PREPROCESSOR_DEFINITIONS = (
					"DEBUG=1",
					"$(inherited)",
				);
				GCC_WARN_64_TO_32_BIT_CONVERSION = YES;
				GCC_WARN_ABOUT_RETURN_TYPE = YES_ERROR;
				GCC_WARN_UNDECLARED_SELECTOR = YES;
				GCC_WARN_UNINITIALIZED_AUTOS = YES_AGGRESSIVE;
				GCC_WARN_UNUSED_FUNCTION = YES;
				GCC_WARN_UNUSED_VARIABLE = YES;
				IPHONEOS_DEPLOYMENT_TARGET = 12.1;
				MTL_ENABLE_DEBUG_INFO = INCLUDE_SOURCE;
				MTL_FAST_MATH = YES;
				ONLY_ACTIVE_ARCH = YES;
				SDKROOT = iphoneos;
				SWIFT_ACTIVE_COMPILATION_CONDITIONS = DEBUG;
				SWIFT_OPTIMIZATION_LEVEL = "-Onone";
			};
			name = Debug;
		};
		D3117AC1223A3EA600B806DB /* Release */ = {
			isa = XCBuildConfiguration;
			buildSettings = {
				ALWAYS_SEARCH_USER_PATHS = NO;
				CLANG_ANALYZER_NONNULL = YES;
				CLANG_ANALYZER_NUMBER_OBJECT_CONVERSION = YES_AGGRESSIVE;
				CLANG_CXX_LANGUAGE_STANDARD = "gnu++14";
				CLANG_CXX_LIBRARY = "libc++";
				CLANG_ENABLE_MODULES = YES;
				CLANG_ENABLE_OBJC_ARC = YES;
				CLANG_ENABLE_OBJC_WEAK = YES;
				CLANG_WARN_BLOCK_CAPTURE_AUTORELEASING = YES;
				CLANG_WARN_BOOL_CONVERSION = YES;
				CLANG_WARN_COMMA = YES;
				CLANG_WARN_CONSTANT_CONVERSION = YES;
				CLANG_WARN_DEPRECATED_OBJC_IMPLEMENTATIONS = YES;
				CLANG_WARN_DIRECT_OBJC_ISA_USAGE = YES_ERROR;
				CLANG_WARN_DOCUMENTATION_COMMENTS = YES;
				CLANG_WARN_EMPTY_BODY = YES;
				CLANG_WARN_ENUM_CONVERSION = YES;
				CLANG_WARN_INFINITE_RECURSION = YES;
				CLANG_WARN_INT_CONVERSION = YES;
				CLANG_WARN_NON_LITERAL_NULL_CONVERSION = YES;
				CLANG_WARN_OBJC_IMPLICIT_RETAIN_SELF = YES;
				CLANG_WARN_OBJC_LITERAL_CONVERSION = YES;
				CLANG_WARN_OBJC_ROOT_CLASS = YES_ERROR;
				CLANG_WARN_RANGE_LOOP_ANALYSIS = YES;
				CLANG_WARN_STRICT_PROTOTYPES = YES;
				CLANG_WARN_SUSPICIOUS_MOVE = YES;
				CLANG_WARN_UNGUARDED_AVAILABILITY = YES_AGGRESSIVE;
				CLANG_WARN_UNREACHABLE_CODE = YES;
				CLANG_WARN__DUPLICATE_METHOD_MATCH = YES;
				CODE_SIGN_IDENTITY = "iPhone Developer";
				COPY_PHASE_STRIP = NO;
				DEBUG_INFORMATION_FORMAT = "dwarf-with-dsym";
				ENABLE_NS_ASSERTIONS = NO;
				ENABLE_STRICT_OBJC_MSGSEND = YES;
				GCC_C_LANGUAGE_STANDARD = gnu11;
				GCC_NO_COMMON_BLOCKS = YES;
				GCC_WARN_64_TO_32_BIT_CONVERSION = YES;
				GCC_WARN_ABOUT_RETURN_TYPE = YES_ERROR;
				GCC_WARN_UNDECLARED_SELECTOR = YES;
				GCC_WARN_UNINITIALIZED_AUTOS = YES_AGGRESSIVE;
				GCC_WARN_UNUSED_FUNCTION = YES;
				GCC_WARN_UNUSED_VARIABLE = YES;
				IPHONEOS_DEPLOYMENT_TARGET = 12.1;
				MTL_ENABLE_DEBUG_INFO = NO;
				MTL_FAST_MATH = YES;
				SDKROOT = iphoneos;
				SWIFT_COMPILATION_MODE = wholemodule;
				SWIFT_OPTIMIZATION_LEVEL = "-O";
				VALIDATE_PRODUCT = YES;
			};
			name = Release;
		};
		D3117AC3223A3EA600B806DB /* Debug */ = {
			isa = XCBuildConfiguration;
			baseConfigurationReference = 9D80B78E6DFD37497EBC6411 /* Pods-Flickr.debug.xcconfig */;
			buildSettings = {
				ASSETCATALOG_COMPILER_APPICON_NAME = AppIcon;
				CODE_SIGN_STYLE = Automatic;
				INFOPLIST_FILE = Flickr/Info.plist;
				LD_RUNPATH_SEARCH_PATHS = (
					"$(inherited)",
					"@executable_path/Frameworks",
				);
				PRODUCT_BUNDLE_IDENTIFIER = KBTU.Flickr;
				PRODUCT_NAME = "$(TARGET_NAME)";
				SWIFT_VERSION = 4.2;
				TARGETED_DEVICE_FAMILY = "1,2";
			};
			name = Debug;
		};
		D3117AC4223A3EA600B806DB /* Release */ = {
			isa = XCBuildConfiguration;
			baseConfigurationReference = 160335DE1C11D2D668A15055 /* Pods-Flickr.release.xcconfig */;
			buildSettings = {
				ASSETCATALOG_COMPILER_APPICON_NAME = AppIcon;
				CODE_SIGN_STYLE = Automatic;
				INFOPLIST_FILE = Flickr/Info.plist;
				LD_RUNPATH_SEARCH_PATHS = (
					"$(inherited)",
					"@executable_path/Frameworks",
				);
				PRODUCT_BUNDLE_IDENTIFIER = KBTU.Flickr;
				PRODUCT_NAME = "$(TARGET_NAME)";
				SWIFT_VERSION = 4.2;
				TARGETED_DEVICE_FAMILY = "1,2";
			};
			name = Release;
		};
/* End XCBuildConfiguration section */

/* Begin XCConfigurationList section */
		D3117AAB223A3EA400B806DB /* Build configuration list for PBXProject "Flickr" */ = {
			isa = XCConfigurationList;
			buildConfigurations = (
				D3117AC0223A3EA600B806DB /* Debug */,
				D3117AC1223A3EA600B806DB /* Release */,
			);
			defaultConfigurationIsVisible = 0;
			defaultConfigurationName = Release;
		};
		D3117AC2223A3EA600B806DB /* Build configuration list for PBXNativeTarget "Flickr" */ = {
			isa = XCConfigurationList;
			buildConfigurations = (
				D3117AC3223A3EA600B806DB /* Debug */,
				D3117AC4223A3EA600B806DB /* Release */,
			);
			defaultConfigurationIsVisible = 0;
			defaultConfigurationName = Release;
		};
/* End XCConfigurationList section */
	};
	rootObject = D3117AA8223A3EA400B806DB /* Project object */;
}
